
Microsoft Visual Studio Solution File, Format Version 12.00
# Visual Studio Version 16
VisualStudioVersion = 16.0.30804.86
MinimumVisualStudioVersion = 10.0.40219.1
Project("{9A19103F-16F7-4668-BE54-9A1E7A4F7556}") = "BasicMath", "BasicMath\BasicMath.csproj", "{CE87D5BB-B8CE-428C-A035-772A4C2DA668}"
EndProject
Project("{FAE04EC0-301F-11D3-BF4B-00C04F79EFBC}") = "FashionMnistClassification", "FashionMnistClassification\FashionMnistClassification.csproj", "{E420A458-23D9-4FDF-8912-D21E5B0A6459}"
EndProject
Global
	GlobalSection(SolutionConfigurationPlatforms) = preSolution
		Debug|Any CPU = Debug|Any CPU
		Release|Any CPU = Release|Any CPU
	EndGlobalSection
	GlobalSection(ProjectConfigurationPlatforms) = postSolution
		{CE87D5BB-B8CE-428C-A035-772A4C2DA668}.Debug|Any CPU.ActiveCfg = Debug|Any CPU
		{CE87D5BB-B8CE-428C-A035-772A4C2DA668}.Debug|Any CPU.Build.0 = Debug|Any CPU
		{CE87D5BB-B8CE-428C-A035-772A4C2DA668}.Release|Any CPU.ActiveCfg = Release|Any CPU
		{CE87D5BB-B8CE-428C-A035-772A4C2DA668}.Release|Any CPU.Build.0 = Release|Any CPU
		{E420A458-23D9-4FDF-8912-D21E5B0A6459}.Debug|Any CPU.ActiveCfg = Debug|Any CPU
		{E420A458-23D9-4FDF-8912-D21E5B0A6459}.Debug|Any CPU.Build.0 = Debug|Any CPU
		{E420A458-23D9-4FDF-8912-D21E5B0A6459}.Release|Any CPU.ActiveCfg = Release|Any CPU
		{E420A458-23D9-4FDF-8912-D21E5B0A6459}.Release|Any CPU.Build.0 = Release|Any CPU
	EndGlobalSection
	GlobalSection(SolutionProperties) = preSolution
		HideSolutionNode = FALSE
	EndGlobalSection
	GlobalSection(ExtensibilityGlobals) = postSolution
		SolutionGuid = {8C08E778-CC78-468C-8F75-93A6148DD8EC}
	EndGlobalSection
EndGlobal
